
Microsoft Visual Studio Solution File, Format Version 12.00
# Visual Studio 14
VisualStudioVersion = 14.0.25420.1
MinimumVisualStudioVersion = 10.0.40219.1
Project("{FAE04EC0-301F-11D3-BF4B-00C04F79EFBC}") = "OneWayService", "OneWayService\OneWayService.csproj", "{B9CEAAD7-5FE6-4772-A0D3-31B9C54BB34B}"
EndProject
Project("{FAE04EC0-301F-11D3-BF4B-00C04F79EFBC}") = "HostMain", "HostMain\HostMain.csproj", "{EC72A4AC-397B-41A4-9730-893A50A642B0}"
EndProject
Global
	GlobalSection(SolutionConfigurationPlatforms) = preSolution
		Debug|Any CPU = Debug|Any CPU
		Release|Any CPU = Release|Any CPU
	EndGlobalSection
	GlobalSection(ProjectConfigurationPlatforms) = postSolution
		{B9CEAAD7-5FE6-4772-A0D3-31B9C54BB34B}.Debug|Any CPU.ActiveCfg = Debug|Any CPU
		{B9CEAAD7-5FE6-4772-A0D3-31B9C54BB34B}.Debug|Any CPU.Build.0 = Debug|Any CPU
		{B9CEAAD7-5FE6-4772-A0D3-31B9C54BB34B}.Release|Any CPU.ActiveCfg = Release|Any CPU
		{B9CEAAD7-5FE6-4772-A0D3-31B9C54BB34B}.Release|Any CPU.Build.0 = Release|Any CPU
		{EC72A4AC-397B-41A4-9730-893A50A642B0}.Debug|Any CPU.ActiveCfg = Debug|Any CPU
		{EC72A4AC-397B-41A4-9730-893A50A642B0}.Debug|Any CPU.Build.0 = Debug|Any CPU
		{EC72A4AC-397B-41A4-9730-893A50A642B0}.Release|Any CPU.ActiveCfg = Release|Any CPU
		{EC72A4AC-397B-41A4-9730-893A50A642B0}.Release|Any CPU.Build.0 = Release|Any CPU
	EndGlobalSection
	GlobalSection(SolutionProperties) = preSolution
		HideSolutionNode = FALSE
	EndGlobalSection
EndGlobal
