
Microsoft Visual Studio Solution File, Format Version 12.00
# Visual Studio 14
VisualStudioVersion = 14.0.25420.1
MinimumVisualStudioVersion = 10.0.40219.1
Project("{FAE04EC0-301F-11D3-BF4B-00C04F79EFBC}") = "MVVM_Example", "MVVM_Example\MVVM_Example.csproj", "{EB1017C9-4087-4DD5-99DE-28B5CC05FC29}"
EndProject
Project("{FAE04EC0-301F-11D3-BF4B-00C04F79EFBC}") = "MVVM_DevExpress", "MVVM_DevExpress\MVVM_DevExpress.csproj", "{C1B8382D-DE4D-48EB-B572-332175D76A25}"
EndProject
Global
	GlobalSection(SolutionConfigurationPlatforms) = preSolution
		Debug|Any CPU = Debug|Any CPU
		Release|Any CPU = Release|Any CPU
	EndGlobalSection
	GlobalSection(ProjectConfigurationPlatforms) = postSolution
		{EB1017C9-4087-4DD5-99DE-28B5CC05FC29}.Debug|Any CPU.ActiveCfg = Debug|Any CPU
		{EB1017C9-4087-4DD5-99DE-28B5CC05FC29}.Debug|Any CPU.Build.0 = Debug|Any CPU
		{EB1017C9-4087-4DD5-99DE-28B5CC05FC29}.Release|Any CPU.ActiveCfg = Release|Any CPU
		{EB1017C9-4087-4DD5-99DE-28B5CC05FC29}.Release|Any CPU.Build.0 = Release|Any CPU
		{C1B8382D-DE4D-48EB-B572-332175D76A25}.Debug|Any CPU.ActiveCfg = Debug|Any CPU
		{C1B8382D-DE4D-48EB-B572-332175D76A25}.Debug|Any CPU.Build.0 = Debug|Any CPU
		{C1B8382D-DE4D-48EB-B572-332175D76A25}.Release|Any CPU.ActiveCfg = Release|Any CPU
		{C1B8382D-DE4D-48EB-B572-332175D76A25}.Release|Any CPU.Build.0 = Release|Any CPU
	EndGlobalSection
	GlobalSection(SolutionProperties) = preSolution
		HideSolutionNode = FALSE
	EndGlobalSection
EndGlobal
